
Microsoft Visual Studio Solution File, Format Version 12.00
# Visual Studio Version 16
VisualStudioVersion = 16.0.30002.166
MinimumVisualStudioVersion = 10.0.40219.1
Project("{FAE04EC0-301F-11D3-BF4B-00C04F79EFBC}") = "Sample Telerik Report", "Sample Telerik Report\Sample Telerik Report.csproj", "{F30C85DB-27CC-43B7-BBFC-00F65DA35598}"
EndProject
Project("{FAE04EC0-301F-11D3-BF4B-00C04F79EFBC}") = "Core Telerik Report", "Core Telerik Report\Core Telerik Report.csproj", "{99D59557-A3E8-40E6-BFC8-707622D38F3D}"
EndProject
Global
	GlobalSection(SolutionConfigurationPlatforms) = preSolution
		Debug|Any CPU = Debug|Any CPU
		Release|Any CPU = Release|Any CPU
	EndGlobalSection
	GlobalSection(ProjectConfigurationPlatforms) = postSolution
		{F30C85DB-27CC-43B7-BBFC-00F65DA35598}.Debug|Any CPU.ActiveCfg = Debug|Any CPU
		{F30C85DB-27CC-43B7-BBFC-00F65DA35598}.Debug|Any CPU.Build.0 = Debug|Any CPU
		{F30C85DB-27CC-43B7-BBFC-00F65DA35598}.Release|Any CPU.ActiveCfg = Release|Any CPU
		{F30C85DB-27CC-43B7-BBFC-00F65DA35598}.Release|Any CPU.Build.0 = Release|Any CPU
		{99D59557-A3E8-40E6-BFC8-707622D38F3D}.Debug|Any CPU.ActiveCfg = Debug|Any CPU
		{99D59557-A3E8-40E6-BFC8-707622D38F3D}.Debug|Any CPU.Build.0 = Debug|Any CPU
		{99D59557-A3E8-40E6-BFC8-707622D38F3D}.Release|Any CPU.ActiveCfg = Release|Any CPU
		{99D59557-A3E8-40E6-BFC8-707622D38F3D}.Release|Any CPU.Build.0 = Release|Any CPU
	EndGlobalSection
	GlobalSection(SolutionProperties) = preSolution
		HideSolutionNode = FALSE
	EndGlobalSection
	GlobalSection(ExtensibilityGlobals) = postSolution
		SolutionGuid = {74B3F7D5-5DE7-4BAA-A9FA-1FF43EE29A93}
	EndGlobalSection
EndGlobal
